
Microsoft Visual Studio Solution File, Format Version 12.00
# Visual Studio Version 17
VisualStudioVersion = 17.3.32929.385
MinimumVisualStudioVersion = 10.0.40219.1
Project("{FAE04EC0-301F-11D3-BF4B-00C04F79EFBC}") = "project1_todolist_311022", "project1_todolist_311022\project1_todolist_311022.csproj", "{69A8E79D-0684-40F9-B985-043CAD7479E0}"
EndProject
Global
	GlobalSection(SolutionConfigurationPlatforms) = preSolution
		Debug|Any CPU = Debug|Any CPU
		Release|Any CPU = Release|Any CPU
	EndGlobalSection
	GlobalSection(ProjectConfigurationPlatforms) = postSolution
		{69A8E79D-0684-40F9-B985-043CAD7479E0}.Debug|Any CPU.ActiveCfg = Debug|Any CPU
		{69A8E79D-0684-40F9-B985-043CAD7479E0}.Debug|Any CPU.Build.0 = Debug|Any CPU
		{69A8E79D-0684-40F9-B985-043CAD7479E0}.Release|Any CPU.ActiveCfg = Release|Any CPU
		{69A8E79D-0684-40F9-B985-043CAD7479E0}.Release|Any CPU.Build.0 = Release|Any CPU
	EndGlobalSection
	GlobalSection(SolutionProperties) = preSolution
		HideSolutionNode = FALSE
	EndGlobalSection
	GlobalSection(ExtensibilityGlobals) = postSolution
		SolutionGuid = {80C89360-66EB-4D13-8EB1-2EB5B505BEC8}
	EndGlobalSection
EndGlobal
